
Microsoft Visual Studio Solution File, Format Version 12.00
# Visual Studio 15
VisualStudioVersion = 15.0.27130.2010
MinimumVisualStudioVersion = 10.0.40219.1
Project("{8BC9CEB8-8B4A-11D0-8D11-00A0C91BC942}") = "fibonacci", "fibonacci\fibonacci.vcxproj", "{2CE3FEF6-A695-408C-A98A-1B78A1A6501A}"
EndProject
Global
	GlobalSection(SolutionConfigurationPlatforms) = preSolution
		Debug|x64 = Debug|x64
		Debug|x86 = Debug|x86
		Release|x64 = Release|x64
		Release|x86 = Release|x86
	EndGlobalSection
	GlobalSection(ProjectConfigurationPlatforms) = postSolution
		{2CE3FEF6-A695-408C-A98A-1B78A1A6501A}.Debug|x64.ActiveCfg = Debug|x64
		{2CE3FEF6-A695-408C-A98A-1B78A1A6501A}.Debug|x64.Build.0 = Debug|x64
		{2CE3FEF6-A695-408C-A98A-1B78A1A6501A}.Debug|x86.ActiveCfg = Debug|Win32
		{2CE3FEF6-A695-408C-A98A-1B78A1A6501A}.Debug|x86.Build.0 = Debug|Win32
		{2CE3FEF6-A695-408C-A98A-1B78A1A6501A}.Release|x64.ActiveCfg = Release|x64
		{2CE3FEF6-A695-408C-A98A-1B78A1A6501A}.Release|x64.Build.0 = Release|x64
		{2CE3FEF6-A695-408C-A98A-1B78A1A6501A}.Release|x86.ActiveCfg = Release|Win32
		{2CE3FEF6-A695-408C-A98A-1B78A1A6501A}.Release|x86.Build.0 = Release|Win32
	EndGlobalSection
	GlobalSection(SolutionProperties) = preSolution
		HideSolutionNode = FALSE
	EndGlobalSection
	GlobalSection(ExtensibilityGlobals) = postSolution
		SolutionGuid = {1B917BAF-BADB-4B10-ABB0-F4872D9CE2E2}
	EndGlobalSection
EndGlobal
